// !$*UTF8*$!
{
	archiveVersion = 1;
	classes = {
	};
	objectVersion = 55;
	objects = {

/* Begin PBXBuildFile section */
		8F20F510287DEE48001B43B3 /* Movie.swift in Sources */ = {isa = PBXBuildFile; fileRef = 8F20F50F287DEE48001B43B3 /* Movie.swift */; };
		8F20F516287DF4E7001B43B3 /* Movie+TrendingToday.swift in Sources */ = {isa = PBXBuildFile; fileRef = 8F20F511287DF4E7001B43B3 /* Movie+TrendingToday.swift */; };
		8F20F517287DF4E7001B43B3 /* Movie+NowPlaying.swift in Sources */ = {isa = PBXBuildFile; fileRef = 8F20F512287DF4E7001B43B3 /* Movie+NowPlaying.swift */; };
		8F20F518287DF4E7001B43B3 /* Movie+TrendingThisWeek.swift in Sources */ = {isa = PBXBuildFile; fileRef = 8F20F513287DF4E7001B43B3 /* Movie+TrendingThisWeek.swift */; };
		8F20F519287DF4E7001B43B3 /* Movie+Upcoming.swift in Sources */ = {isa = PBXBuildFile; fileRef = 8F20F514287DF4E7001B43B3 /* Movie+Upcoming.swift */; };
		8F20F51A287DF4E7001B43B3 /* Movie+Popular.swift in Sources */ = {isa = PBXBuildFile; fileRef = 8F20F515287DF4E7001B43B3 /* Movie+Popular.swift */; };
		8F20F51C287E1450001B43B3 /* FeaturedViewController+UICollectionViewDataSource.swift in Sources */ = {isa = PBXBuildFile; fileRef = 8F20F51B287E1450001B43B3 /* FeaturedViewController+UICollectionViewDataSource.swift */; };
		8F6547B6287C980A003C6F0C /* PopularCollectionViewCell.swift in Sources */ = {isa = PBXBuildFile; fileRef = 8F6547B5287C980A003C6F0C /* PopularCollectionViewCell.swift */; };
		8F6547B8287C9845003C6F0C /* NowPlayingCollectionViewCell.swift in Sources */ = {isa = PBXBuildFile; fileRef = 8F6547B7287C9845003C6F0C /* NowPlayingCollectionViewCell.swift */; };
		8F6547BA287C9861003C6F0C /* UpcomingCollectionViewCell.swift in Sources */ = {isa = PBXBuildFile; fileRef = 8F6547B9287C9861003C6F0C /* UpcomingCollectionViewCell.swift */; };
		8F9D837F2881E7DF00BA2413 /* TMDB-Info.plist in Resources */ = {isa = PBXBuildFile; fileRef = 8F9D837E2881E7DF00BA2413 /* TMDB-Info.plist */; };
		8F9D83832881EC4D00BA2413 /* Movie+API.swift in Sources */ = {isa = PBXBuildFile; fileRef = 8F9D83822881EC4D00BA2413 /* Movie+API.swift */; };
		8F9D83852881F8CC00BA2413 /* MoviesResponse.swift in Sources */ = {isa = PBXBuildFile; fileRef = 8F9D83842881F8CC00BA2413 /* MoviesResponse.swift */; };
		8FA6E16E287F3F0400D901F0 /* DetailsViewController.swift in Sources */ = {isa = PBXBuildFile; fileRef = 8FA6E16D287F3F0400D901F0 /* DetailsViewController.swift */; };
		8FA6E170287F47E200D901F0 /* FeaturedViewController+UICollectionViewDelegate.swift in Sources */ = {isa = PBXBuildFile; fileRef = 8FA6E16F287F47E200D901F0 /* FeaturedViewController+UICollectionViewDelegate.swift */; };
		8FB0198B2874B0E300126939 /* AppDelegate.swift in Sources */ = {isa = PBXBuildFile; fileRef = 8FB0198A2874B0E300126939 /* AppDelegate.swift */; };
		8FB0198D2874B0E300126939 /* SceneDelegate.swift in Sources */ = {isa = PBXBuildFile; fileRef = 8FB0198C2874B0E300126939 /* SceneDelegate.swift */; };
		8FB0198F2874B0E300126939 /* FeaturedViewController.swift in Sources */ = {isa = PBXBuildFile; fileRef = 8FB0198E2874B0E300126939 /* FeaturedViewController.swift */; };
		8FB019922874B0E300126939 /* Main.storyboard in Resources */ = {isa = PBXBuildFile; fileRef = 8FB019902874B0E300126939 /* Main.storyboard */; };
		8FB019942874B0E400126939 /* Assets.xcassets in Resources */ = {isa = PBXBuildFile; fileRef = 8FB019932874B0E400126939 /* Assets.xcassets */; };
		8FB019972874B0E400126939 /* LaunchScreen.storyboard in Resources */ = {isa = PBXBuildFile; fileRef = 8FB019952874B0E400126939 /* LaunchScreen.storyboard */; };
		8FF5A0A228872200001870B3 /* PosterViewController.swift in Sources */ = {isa = PBXBuildFile; fileRef = 8FF5A0A128872200001870B3 /* PosterViewController.swift */; };
/* End PBXBuildFile section */

/* Begin PBXFileReference section */
		8F20F50F287DEE48001B43B3 /* Movie.swift */ = {isa = PBXFileReference; lastKnownFileType = sourcecode.swift; path = Movie.swift; sourceTree = "<group>"; };
		8F20F511287DF4E7001B43B3 /* Movie+TrendingToday.swift */ = {isa = PBXFileReference; fileEncoding = 4; lastKnownFileType = sourcecode.swift; path = "Movie+TrendingToday.swift"; sourceTree = "<group>"; };
		8F20F512287DF4E7001B43B3 /* Movie+NowPlaying.swift */ = {isa = PBXFileReference; fileEncoding = 4; lastKnownFileType = sourcecode.swift; path = "Movie+NowPlaying.swift"; sourceTree = "<group>"; };
		8F20F513287DF4E7001B43B3 /* Movie+TrendingThisWeek.swift */ = {isa = PBXFileReference; fileEncoding = 4; lastKnownFileType = sourcecode.swift; path = "Movie+TrendingThisWeek.swift"; sourceTree = "<group>"; };
		8F20F514287DF4E7001B43B3 /* Movie+Upcoming.swift */ = {isa = PBXFileReference; fileEncoding = 4; lastKnownFileType = sourcecode.swift; path = "Movie+Upcoming.swift"; sourceTree = "<group>"; };
		8F20F515287DF4E7001B43B3 /* Movie+Popular.swift */ = {isa = PBXFileReference; fileEncoding = 4; lastKnownFileType = sourcecode.swift; path = "Movie+Popular.swift"; sourceTree = "<group>"; };
		8F20F51B287E1450001B43B3 /* FeaturedViewController+UICollectionViewDataSource.swift */ = {isa = PBXFileReference; lastKnownFileType = sourcecode.swift; path = "FeaturedViewController+UICollectionViewDataSource.swift"; sourceTree = "<group>"; };
		8F6547B5287C980A003C6F0C /* PopularCollectionViewCell.swift */ = {isa = PBXFileReference; lastKnownFileType = sourcecode.swift; path = PopularCollectionViewCell.swift; sourceTree = "<group>"; };
		8F6547B7287C9845003C6F0C /* NowPlayingCollectionViewCell.swift */ = {isa = PBXFileReference; lastKnownFileType = sourcecode.swift; path = NowPlayingCollectionViewCell.swift; sourceTree = "<group>"; };
		8F6547B9287C9861003C6F0C /* UpcomingCollectionViewCell.swift */ = {isa = PBXFileReference; lastKnownFileType = sourcecode.swift; path = UpcomingCollectionViewCell.swift; sourceTree = "<group>"; };
		8F9D837E2881E7DF00BA2413 /* TMDB-Info.plist */ = {isa = PBXFileReference; lastKnownFileType = text.plist.xml; path = "TMDB-Info.plist"; sourceTree = "<group>"; };
		8F9D83822881EC4D00BA2413 /* Movie+API.swift */ = {isa = PBXFileReference; fileEncoding = 4; lastKnownFileType = sourcecode.swift; path = "Movie+API.swift"; sourceTree = "<group>"; };
		8F9D83842881F8CC00BA2413 /* MoviesResponse.swift */ = {isa = PBXFileReference; lastKnownFileType = sourcecode.swift; path = MoviesResponse.swift; sourceTree = "<group>"; };
		8FA6E16D287F3F0400D901F0 /* DetailsViewController.swift */ = {isa = PBXFileReference; lastKnownFileType = sourcecode.swift; path = DetailsViewController.swift; sourceTree = "<group>"; };
		8FA6E16F287F47E200D901F0 /* FeaturedViewController+UICollectionViewDelegate.swift */ = {isa = PBXFileReference; lastKnownFileType = sourcecode.swift; path = "FeaturedViewController+UICollectionViewDelegate.swift"; sourceTree = "<group>"; };
		8FB019872874B0E300126939 /* moviepedia.app */ = {isa = PBXFileReference; explicitFileType = wrapper.application; includeInIndex = 0; path = moviepedia.app; sourceTree = BUILT_PRODUCTS_DIR; };
		8FB0198A2874B0E300126939 /* AppDelegate.swift */ = {isa = PBXFileReference; lastKnownFileType = sourcecode.swift; path = AppDelegate.swift; sourceTree = "<group>"; };
		8FB0198C2874B0E300126939 /* SceneDelegate.swift */ = {isa = PBXFileReference; lastKnownFileType = sourcecode.swift; path = SceneDelegate.swift; sourceTree = "<group>"; };
		8FB0198E2874B0E300126939 /* FeaturedViewController.swift */ = {isa = PBXFileReference; lastKnownFileType = sourcecode.swift; path = FeaturedViewController.swift; sourceTree = "<group>"; };
		8FB019912874B0E300126939 /* Base */ = {isa = PBXFileReference; lastKnownFileType = file.storyboard; name = Base; path = Base.lproj/Main.storyboard; sourceTree = "<group>"; };
		8FB019932874B0E400126939 /* Assets.xcassets */ = {isa = PBXFileReference; lastKnownFileType = folder.assetcatalog; path = Assets.xcassets; sourceTree = "<group>"; };
		8FB019962874B0E400126939 /* Base */ = {isa = PBXFileReference; lastKnownFileType = file.storyboard; name = Base; path = Base.lproj/LaunchScreen.storyboard; sourceTree = "<group>"; };
		8FB019982874B0E400126939 /* Info.plist */ = {isa = PBXFileReference; lastKnownFileType = text.plist.xml; path = Info.plist; sourceTree = "<group>"; };
		8FF5A0A128872200001870B3 /* PosterViewController.swift */ = {isa = PBXFileReference; lastKnownFileType = sourcecode.swift; path = PosterViewController.swift; sourceTree = "<group>"; };
/* End PBXFileReference section */

/* Begin PBXFrameworksBuildPhase section */
		8FB019842874B0E300126939 /* Frameworks */ = {
			isa = PBXFrameworksBuildPhase;
			buildActionMask = 2147483647;
			files = (
			);
			runOnlyForDeploymentPostprocessing = 0;
		};
/* End PBXFrameworksBuildPhase section */

/* Begin PBXGroup section */
		8F20F50E287DEDF8001B43B3 /* Model */ = {
			isa = PBXGroup;
			children = (
				8F9D83822881EC4D00BA2413 /* Movie+API.swift */,
				8F20F512287DF4E7001B43B3 /* Movie+NowPlaying.swift */,
				8F20F515287DF4E7001B43B3 /* Movie+Popular.swift */,
				8F20F513287DF4E7001B43B3 /* Movie+TrendingThisWeek.swift */,
				8F20F511287DF4E7001B43B3 /* Movie+TrendingToday.swift */,
				8F20F514287DF4E7001B43B3 /* Movie+Upcoming.swift */,
				8F20F50F287DEE48001B43B3 /* Movie.swift */,
				8F9D83842881F8CC00BA2413 /* MoviesResponse.swift */,
			);
			path = Model;
			sourceTree = "<group>";
		};
		8F6547BB287C99AA003C6F0C /* Controllers */ = {
			isa = PBXGroup;
			children = (
				8FB0198E2874B0E300126939 /* FeaturedViewController.swift */,
				8F20F51B287E1450001B43B3 /* FeaturedViewController+UICollectionViewDataSource.swift */,
				8FA6E16F287F47E200D901F0 /* FeaturedViewController+UICollectionViewDelegate.swift */,
				8FA6E16D287F3F0400D901F0 /* DetailsViewController.swift */,
				8FF5A0A128872200001870B3 /* PosterViewController.swift */,
			);
			path = Controllers;
			sourceTree = "<group>";
		};
		8F6547BD287C99EE003C6F0C /* View */ = {
			isa = PBXGroup;
			children = (
				8FB019902874B0E300126939 /* Main.storyboard */,
				8FB019952874B0E400126939 /* LaunchScreen.storyboard */,
				8F6547B5287C980A003C6F0C /* PopularCollectionViewCell.swift */,
				8F6547B7287C9845003C6F0C /* NowPlayingCollectionViewCell.swift */,
				8F6547B9287C9861003C6F0C /* UpcomingCollectionViewCell.swift */,
			);
			path = View;
			sourceTree = "<group>";
		};
		8F6547BE287C9E25003C6F0C /* SupportingFiles */ = {
			isa = PBXGroup;
			children = (
				8FB019932874B0E400126939 /* Assets.xcassets */,
				8FB019982874B0E400126939 /* Info.plist */,
				8F9D837E2881E7DF00BA2413 /* TMDB-Info.plist */,
			);
			name = SupportingFiles;
			sourceTree = "<group>";
		};
		8FB0197E2874B0E300126939 = {
			isa = PBXGroup;
			children = (
				8FB019892874B0E300126939 /* moviepedia */,
				8FB019882874B0E300126939 /* Products */,
			);
			sourceTree = "<group>";
		};
		8FB019882874B0E300126939 /* Products */ = {
			isa = PBXGroup;
			children = (
				8FB019872874B0E300126939 /* moviepedia.app */,
			);
			name = Products;
			sourceTree = "<group>";
		};
		8FB019892874B0E300126939 /* moviepedia */ = {
			isa = PBXGroup;
			children = (
				8FB0198A2874B0E300126939 /* AppDelegate.swift */,
				8FB0198C2874B0E300126939 /* SceneDelegate.swift */,
				8F20F50E287DEDF8001B43B3 /* Model */,
				8F6547BD287C99EE003C6F0C /* View */,
				8F6547BB287C99AA003C6F0C /* Controllers */,
				8F6547BE287C9E25003C6F0C /* SupportingFiles */,
			);
			path = moviepedia;
			sourceTree = "<group>";
		};
/* End PBXGroup section */

/* Begin PBXNativeTarget section */
		8FB019862874B0E300126939 /* moviepedia */ = {
			isa = PBXNativeTarget;
			buildConfigurationList = 8FB0199B2874B0E400126939 /* Build configuration list for PBXNativeTarget "moviepedia" */;
			buildPhases = (
				8FB019832874B0E300126939 /* Sources */,
				8FB019842874B0E300126939 /* Frameworks */,
				8FB019852874B0E300126939 /* Resources */,
			);
			buildRules = (
			);
			dependencies = (
			);
			name = moviepedia;
			productName = moviepedia;
			productReference = 8FB019872874B0E300126939 /* moviepedia.app */;
			productType = "com.apple.product-type.application";
		};
/* End PBXNativeTarget section */

/* Begin PBXProject section */
		8FB0197F2874B0E300126939 /* Project object */ = {
			isa = PBXProject;
			attributes = {
				BuildIndependentTargetsInParallel = 1;
				LastSwiftUpdateCheck = 1340;
				LastUpgradeCheck = 1340;
				TargetAttributes = {
					8FB019862874B0E300126939 = {
						CreatedOnToolsVersion = 13.4.1;
					};
				};
			};
			buildConfigurationList = 8FB019822874B0E300126939 /* Build configuration list for PBXProject "moviepedia" */;
			compatibilityVersion = "Xcode 13.0";
			developmentRegion = en;
			hasScannedForEncodings = 0;
			knownRegions = (
				en,
				Base,
			);
			mainGroup = 8FB0197E2874B0E300126939;
			productRefGroup = 8FB019882874B0E300126939 /* Products */;
			projectDirPath = "";
			projectRoot = "";
			targets = (
				8FB019862874B0E300126939 /* moviepedia */,
			);
		};
/* End PBXProject section */

/* Begin PBXResourcesBuildPhase section */
		8FB019852874B0E300126939 /* Resources */ = {
			isa = PBXResourcesBuildPhase;
			buildActionMask = 2147483647;
			files = (
				8FB019972874B0E400126939 /* LaunchScreen.storyboard in Resources */,
				8F9D837F2881E7DF00BA2413 /* TMDB-Info.plist in Resources */,
				8FB019942874B0E400126939 /* Assets.xcassets in Resources */,
				8FB019922874B0E300126939 /* Main.storyboard in Resources */,
			);
			runOnlyForDeploymentPostprocessing = 0;
		};
/* End PBXResourcesBuildPhase section */

/* Begin PBXSourcesBuildPhase section */
		8FB019832874B0E300126939 /* Sources */ = {
			isa = PBXSourcesBuildPhase;
			buildActionMask = 2147483647;
			files = (
				8F20F510287DEE48001B43B3 /* Movie.swift in Sources */,
				8F20F517287DF4E7001B43B3 /* Movie+NowPlaying.swift in Sources */,
				8F6547BA287C9861003C6F0C /* UpcomingCollectionViewCell.swift in Sources */,
				8F20F519287DF4E7001B43B3 /* Movie+Upcoming.swift in Sources */,
				8F20F51C287E1450001B43B3 /* FeaturedViewController+UICollectionViewDataSource.swift in Sources */,
				8F6547B8287C9845003C6F0C /* NowPlayingCollectionViewCell.swift in Sources */,
				8F20F516287DF4E7001B43B3 /* Movie+TrendingToday.swift in Sources */,
				8F20F518287DF4E7001B43B3 /* Movie+TrendingThisWeek.swift in Sources */,
				8F6547B6287C980A003C6F0C /* PopularCollectionViewCell.swift in Sources */,
				8F20F51A287DF4E7001B43B3 /* Movie+Popular.swift in Sources */,
				8FB0198F2874B0E300126939 /* FeaturedViewController.swift in Sources */,
				8FF5A0A228872200001870B3 /* PosterViewController.swift in Sources */,
				8FA6E170287F47E200D901F0 /* FeaturedViewController+UICollectionViewDelegate.swift in Sources */,
				8FA6E16E287F3F0400D901F0 /* DetailsViewController.swift in Sources */,
				8F9D83852881F8CC00BA2413 /* MoviesResponse.swift in Sources */,
				8FB0198B2874B0E300126939 /* AppDelegate.swift in Sources */,
				8FB0198D2874B0E300126939 /* SceneDelegate.swift in Sources */,
				8F9D83832881EC4D00BA2413 /* Movie+API.swift in Sources */,
			);
			runOnlyForDeploymentPostprocessing = 0;
		};
/* End PBXSourcesBuildPhase section */

/* Begin PBXVariantGroup section */
		8FB019902874B0E300126939 /* Main.storyboard */ = {
			isa = PBXVariantGroup;
			children = (
				8FB019912874B0E300126939 /* Base */,
			);
			name = Main.storyboard;
			sourceTree = "<group>";
		};
		8FB019952874B0E400126939 /* LaunchScreen.storyboard */ = {
			isa = PBXVariantGroup;
			children = (
				8FB019962874B0E400126939 /* Base */,
			);
			name = LaunchScreen.storyboard;
			sourceTree = "<group>";
		};
/* End PBXVariantGroup section */

/* Begin XCBuildConfiguration section */
		8FB019992874B0E400126939 /* Debug */ = {
			isa = XCBuildConfiguration;
			buildSettings = {
				ALWAYS_SEARCH_USER_PATHS = NO;
				CLANG_ANALYZER_NONNULL = YES;
				CLANG_ANALYZER_NUMBER_OBJECT_CONVERSION = YES_AGGRESSIVE;
				CLANG_CXX_LANGUAGE_STANDARD = "gnu++17";
				CLANG_ENABLE_MODULES = YES;
				CLANG_ENABLE_OBJC_ARC = YES;
				CLANG_ENABLE_OBJC_WEAK = YES;
				CLANG_WARN_BLOCK_CAPTURE_AUTORELEASING = YES;
				CLANG_WARN_BOOL_CONVERSION = YES;
				CLANG_WARN_COMMA = YES;
				CLANG_WARN_CONSTANT_CONVERSION = YES;
				CLANG_WARN_DEPRECATED_OBJC_IMPLEMENTATIONS = YES;
				CLANG_WARN_DIRECT_OBJC_ISA_USAGE = YES_ERROR;
				CLANG_WARN_DOCUMENTATION_COMMENTS = YES;
				CLANG_WARN_EMPTY_BODY = YES;
				CLANG_WARN_ENUM_CONVERSION = YES;
				CLANG_WARN_INFINITE_RECURSION = YES;
				CLANG_WARN_INT_CONVERSION = YES;
				CLANG_WARN_NON_LITERAL_NULL_CONVERSION = YES;
				CLANG_WARN_OBJC_IMPLICIT_RETAIN_SELF = YES;
				CLANG_WARN_OBJC_LITERAL_CONVERSION = YES;
				CLANG_WARN_OBJC_ROOT_CLASS = YES_ERROR;
				CLANG_WARN_QUOTED_INCLUDE_IN_FRAMEWORK_HEADER = YES;
				CLANG_WARN_RANGE_LOOP_ANALYSIS = YES;
				CLANG_WARN_STRICT_PROTOTYPES = YES;
				CLANG_WARN_SUSPICIOUS_MOVE = YES;
				CLANG_WARN_UNGUARDED_AVAILABILITY = YES_AGGRESSIVE;
				CLANG_WARN_UNREACHABLE_CODE = YES;
				CLANG_WARN__DUPLICATE_METHOD_MATCH = YES;
				COPY_PHASE_STRIP = NO;
				DEBUG_INFORMATION_FORMAT = dwarf;
				ENABLE_STRICT_OBJC_MSGSEND = YES;
				ENABLE_TESTABILITY = YES;
				GCC_C_LANGUAGE_STANDARD = gnu11;
				GCC_DYNAMIC_NO_PIC = NO;
				GCC_NO_COMMON_BLOCKS = YES;
				GCC_OPTIMIZATION_LEVEL = 0;
				GCC_PREPROCESSOR_DEFINITIONS = (
					"DEBUG=1",
					"$(inherited)",
				);
				GCC_WARN_64_TO_32_BIT_CONVERSION = YES;
				GCC_WARN_ABOUT_RETURN_TYPE = YES_ERROR;
				GCC_WARN_UNDECLARED_SELECTOR = YES;
				GCC_WARN_UNINITIALIZED_AUTOS = YES_AGGRESSIVE;
				GCC_WARN_UNUSED_FUNCTION = YES;
				GCC_WARN_UNUSED_VARIABLE = YES;
				IPHONEOS_DEPLOYMENT_TARGET = 15.5;
				MTL_ENABLE_DEBUG_INFO = INCLUDE_SOURCE;
				MTL_FAST_MATH = YES;
				ONLY_ACTIVE_ARCH = YES;
				SDKROOT = iphoneos;
				SWIFT_ACTIVE_COMPILATION_CONDITIONS = DEBUG;
				SWIFT_OPTIMIZATION_LEVEL = "-Onone";
			};
			name = Debug;
		};
		8FB0199A2874B0E400126939 /* Release */ = {
			isa = XCBuildConfiguration;
			buildSettings = {
				ALWAYS_SEARCH_USER_PATHS = NO;
				CLANG_ANALYZER_NONNULL = YES;
				CLANG_ANALYZER_NUMBER_OBJECT_CONVERSION = YES_AGGRESSIVE;
				CLANG_CXX_LANGUAGE_STANDARD = "gnu++17";
				CLANG_ENABLE_MODULES = YES;
				CLANG_ENABLE_OBJC_ARC = YES;
				CLANG_ENABLE_OBJC_WEAK = YES;
				CLANG_WARN_BLOCK_CAPTURE_AUTORELEASING = YES;
				CLANG_WARN_BOOL_CONVERSION = YES;
				CLANG_WARN_COMMA = YES;
				CLANG_WARN_CONSTANT_CONVERSION = YES;
				CLANG_WARN_DEPRECATED_OBJC_IMPLEMENTATIONS = YES;
				CLANG_WARN_DIRECT_OBJC_ISA_USAGE = YES_ERROR;
				CLANG_WARN_DOCUMENTATION_COMMENTS = YES;
				CLANG_WARN_EMPTY_BODY = YES;
				CLANG_WARN_ENUM_CONVERSION = YES;
				CLANG_WARN_INFINITE_RECURSION = YES;
				CLANG_WARN_INT_CONVERSION = YES;
				CLANG_WARN_NON_LITERAL_NULL_CONVERSION = YES;
				CLANG_WARN_OBJC_IMPLICIT_RETAIN_SELF = YES;
				CLANG_WARN_OBJC_LITERAL_CONVERSION = YES;
				CLANG_WARN_OBJC_ROOT_CLASS = YES_ERROR;
				CLANG_WARN_QUOTED_INCLUDE_IN_FRAMEWORK_HEADER = YES;
				CLANG_WARN_RANGE_LOOP_ANALYSIS = YES;
				CLANG_WARN_STRICT_PROTOTYPES = YES;
				CLANG_WARN_SUSPICIOUS_MOVE = YES;
				CLANG_WARN_UNGUARDED_AVAILABILITY = YES_AGGRESSIVE;
				CLANG_WARN_UNREACHABLE_CODE = YES;
				CLANG_WARN__DUPLICATE_METHOD_MATCH = YES;
				COPY_PHASE_STRIP = NO;
				DEBUG_INFORMATION_FORMAT = "dwarf-with-dsym";
				ENABLE_NS_ASSERTIONS = NO;
				ENABLE_STRICT_OBJC_MSGSEND = YES;
				GCC_C_LANGUAGE_STANDARD = gnu11;
				GCC_NO_COMMON_BLOCKS = YES;
				GCC_WARN_64_TO_32_BIT_CONVERSION = YES;
				GCC_WARN_ABOUT_RETURN_TYPE = YES_ERROR;
				GCC_WARN_UNDECLARED_SELECTOR = YES;
				GCC_WARN_UNINITIALIZED_AUTOS = YES_AGGRESSIVE;
				GCC_WARN_UNUSED_FUNCTION = YES;
				GCC_WARN_UNUSED_VARIABLE = YES;
				IPHONEOS_DEPLOYMENT_TARGET = 15.5;
				MTL_ENABLE_DEBUG_INFO = NO;
				MTL_FAST_MATH = YES;
				SDKROOT = iphoneos;
				SWIFT_COMPILATION_MODE = wholemodule;
				SWIFT_OPTIMIZATION_LEVEL = "-O";
				VALIDATE_PRODUCT = YES;
			};
			name = Release;
		};
		8FB0199C2874B0E400126939 /* Debug */ = {
			isa = XCBuildConfiguration;
			buildSettings = {
				ASSETCATALOG_COMPILER_APPICON_NAME = AppIcon;
				ASSETCATALOG_COMPILER_GLOBAL_ACCENT_COLOR_NAME = AccentColor;
				CODE_SIGN_STYLE = Automatic;
				CURRENT_PROJECT_VERSION = 1;
				GENERATE_INFOPLIST_FILE = YES;
				INFOPLIST_FILE = moviepedia/Info.plist;
				INFOPLIST_KEY_UIApplicationSupportsIndirectInputEvents = YES;
				INFOPLIST_KEY_UILaunchStoryboardName = LaunchScreen;
				INFOPLIST_KEY_UIMainStoryboardFile = Main;
				INFOPLIST_KEY_UISupportedInterfaceOrientations_iPad = "UIInterfaceOrientationPortrait UIInterfaceOrientationPortraitUpsideDown UIInterfaceOrientationLandscapeLeft UIInterfaceOrientationLandscapeRight";
				INFOPLIST_KEY_UISupportedInterfaceOrientations_iPhone = "UIInterfaceOrientationPortrait UIInterfaceOrientationLandscapeLeft UIInterfaceOrientationLandscapeRight";
				LD_RUNPATH_SEARCH_PATHS = (
					"$(inherited)",
					"@executable_path/Frameworks",
				);
				MARKETING_VERSION = 1.0;
				PRODUCT_BUNDLE_IDENTIFIER = br.ufpe.cin.academy.lss8.moviepedia;
				PRODUCT_NAME = "$(TARGET_NAME)";
				SWIFT_EMIT_LOC_STRINGS = YES;
				SWIFT_VERSION = 5.0;
				TARGETED_DEVICE_FAMILY = "1,2";
			};
			name = Debug;
		};
		8FB0199D2874B0E400126939 /* Release */ = {
			isa = XCBuildConfiguration;
			buildSettings = {
				ASSETCATALOG_COMPILER_APPICON_NAME = AppIcon;
				ASSETCATALOG_COMPILER_GLOBAL_ACCENT_COLOR_NAME = AccentColor;
				CODE_SIGN_STYLE = Automatic;
				CURRENT_PROJECT_VERSION = 1;
				GENERATE_INFOPLIST_FILE = YES;
				INFOPLIST_FILE = moviepedia/Info.plist;
				INFOPLIST_KEY_UIApplicationSupportsIndirectInputEvents = YES;
				INFOPLIST_KEY_UILaunchStoryboardName = LaunchScreen;
				INFOPLIST_KEY_UIMainStoryboardFile = Main;
				INFOPLIST_KEY_UISupportedInterfaceOrientations_iPad = "UIInterfaceOrientationPortrait UIInterfaceOrientationPortraitUpsideDown UIInterfaceOrientationLandscapeLeft UIInterfaceOrientationLandscapeRight";
				INFOPLIST_KEY_UISupportedInterfaceOrientations_iPhone = "UIInterfaceOrientationPortrait UIInterfaceOrientationLandscapeLeft UIInterfaceOrientationLandscapeRight";
				LD_RUNPATH_SEARCH_PATHS = (
					"$(inherited)",
					"@executable_path/Frameworks",
				);
				MARKETING_VERSION = 1.0;
				PRODUCT_BUNDLE_IDENTIFIER = br.ufpe.cin.academy.lss8.moviepedia;
				PRODUCT_NAME = "$(TARGET_NAME)";
				SWIFT_EMIT_LOC_STRINGS = YES;
				SWIFT_VERSION = 5.0;
				TARGETED_DEVICE_FAMILY = "1,2";
			};
			name = Release;
		};
/* End XCBuildConfiguration section */

/* Begin XCConfigurationList section */
		8FB019822874B0E300126939 /* Build configuration list for PBXProject "moviepedia" */ = {
			isa = XCConfigurationList;
			buildConfigurations = (
				8FB019992874B0E400126939 /* Debug */,
				8FB0199A2874B0E400126939 /* Release */,
			);
			defaultConfigurationIsVisible = 0;
			defaultConfigurationName = Release;
		};
		8FB0199B2874B0E400126939 /* Build configuration list for PBXNativeTarget "moviepedia" */ = {
			isa = XCConfigurationList;
			buildConfigurations = (
				8FB0199C2874B0E400126939 /* Debug */,
				8FB0199D2874B0E400126939 /* Release */,
			);
			defaultConfigurationIsVisible = 0;
			defaultConfigurationName = Release;
		};
/* End XCConfigurationList section */
	};
	rootObject = 8FB0197F2874B0E300126939 /* Project object */;
}
